dependencies:
  idf:
    source:
      type: idf
    version: 6.0.1
  nikas-belogolov/nanopb:
    component_hash: f87bec16ffb47d5ceb557b7f13acb83cad95046ab155d1af33e488d1b048fddc
    dependencies:
    - name: idf
      require: private
      version: '>=5.0'
    source:
      registry_url: https://components.espressif.com/
      type: service
    version: 1.0.0
direct_dependencies:
- idf
- nikas-belogolov/nanopb
manifest_hash: 634033ea82ff5793b6e43b62852be0df6167ca49856881bc40f8e79e99a6853a
target: esp32s3
version: 3.0.0
